
Microsoft Visual Studio Solution File, Format Version 12.00
# Visual Studio Version 16
VisualStudioVersion = 16.0.29503.13
MinimumVisualStudioVersion = 10.0.40219.1
Project("{2150E333-8FDC-42A3-9474-1A3956D46DE8}") = "1- Aplicação", "1- Aplicação", "{8E7EC4F7-DE4E-491A-B884-B4B5FEDCD304}"
EndProject
Project("{2150E333-8FDC-42A3-9474-1A3956D46DE8}") = "2- Dominio", "2- Dominio", "{6CA61AF2-6B73-4656-A52F-63BA3B4614D5}"
EndProject
Project("{2150E333-8FDC-42A3-9474-1A3956D46DE8}") = "3- Serviço", "3- Serviço", "{5AF347ED-FAF5-401C-91F8-5C021D6A6D56}"
EndProject
Project("{2150E333-8FDC-42A3-9474-1A3956D46DE8}") = "4- Infra", "4- Infra", "{FDFC883A-C4CE-4CBE-ABCE-C17AD5C5C3D7}"
EndProject
Project("{FAE04EC0-301F-11D3-BF4B-00C04F79EFBC}") = "TDEDominio", "TDEDominio\TDEDominio.csproj", "{0FE0F187-007C-48D3-8A17-3CC2EF592BD7}"
EndProject
Project("{FAE04EC0-301F-11D3-BF4B-00C04F79EFBC}") = "TDEService", "TDEService\TDEService.csproj", "{4583047A-D83E-43E6-BE9C-2A5DBFF2054C}"
EndProject
Project("{FAE04EC0-301F-11D3-BF4B-00C04F79EFBC}") = "ServiceTeste", "ServiceTeste\ServiceTeste.csproj", "{DCFC8F1B-D166-4DEB-81DB-246CB84CA6BA}"
EndProject
Project("{2150E333-8FDC-42A3-9474-1A3956D46DE8}") = "4.1- Data", "4.1- Data", "{41D8C050-E078-4F2A-A37A-C0C3EAE41721}"
EndProject
Project("{2150E333-8FDC-42A3-9474-1A3956D46DE8}") = "4.2- CrossCutting", "4.2- CrossCutting", "{5782F570-3989-4D71-A059-F23AB031359B}"
EndProject
Project("{FAE04EC0-301F-11D3-BF4B-00C04F79EFBC}") = "TDEInfraData", "TDEInfraData\TDEInfraData.csproj", "{D397A2D6-587A-42B4-BF0B-AA6DA552C25C}"
EndProject
Project("{FAE04EC0-301F-11D3-BF4B-00C04F79EFBC}") = "TDEInfraCrossCutting", "TDEInfraCrossCutting\TDEInfraCrossCutting.csproj", "{7BCA1612-AD68-43C2-BE6E-ACEDC0A632F0}"
EndProject
Project("{FAE04EC0-301F-11D3-BF4B-00C04F79EFBC}") = "TDE", "TDE\TDE.csproj", "{DEFCC052-20D1-4F9C-9865-F59A66389866}"
EndProject
Global
	GlobalSection(SolutionConfigurationPlatforms) = preSolution
		Debug|Any CPU = Debug|Any CPU
		Release|Any CPU = Release|Any CPU
	EndGlobalSection
	GlobalSection(ProjectConfigurationPlatforms) = postSolution
		{0FE0F187-007C-48D3-8A17-3CC2EF592BD7}.Debug|Any CPU.ActiveCfg = Debug|Any CPU
		{0FE0F187-007C-48D3-8A17-3CC2EF592BD7}.Debug|Any CPU.Build.0 = Debug|Any CPU
		{0FE0F187-007C-48D3-8A17-3CC2EF592BD7}.Release|Any CPU.ActiveCfg = Release|Any CPU
		{0FE0F187-007C-48D3-8A17-3CC2EF592BD7}.Release|Any CPU.Build.0 = Release|Any CPU
		{4583047A-D83E-43E6-BE9C-2A5DBFF2054C}.Debug|Any CPU.ActiveCfg = Debug|Any CPU
		{4583047A-D83E-43E6-BE9C-2A5DBFF2054C}.Debug|Any CPU.Build.0 = Debug|Any CPU
		{4583047A-D83E-43E6-BE9C-2A5DBFF2054C}.Release|Any CPU.ActiveCfg = Release|Any CPU
		{4583047A-D83E-43E6-BE9C-2A5DBFF2054C}.Release|Any CPU.Build.0 = Release|Any CPU
		{DCFC8F1B-D166-4DEB-81DB-246CB84CA6BA}.Debug|Any CPU.ActiveCfg = Debug|Any CPU
		{DCFC8F1B-D166-4DEB-81DB-246CB84CA6BA}.Debug|Any CPU.Build.0 = Debug|Any CPU
		{DCFC8F1B-D166-4DEB-81DB-246CB84CA6BA}.Release|Any CPU.ActiveCfg = Release|Any CPU
		{DCFC8F1B-D166-4DEB-81DB-246CB84CA6BA}.Release|Any CPU.Build.0 = Release|Any CPU
		{D397A2D6-587A-42B4-BF0B-AA6DA552C25C}.Debug|Any CPU.ActiveCfg = Debug|Any CPU
		{D397A2D6-587A-42B4-BF0B-AA6DA552C25C}.Debug|Any CPU.Build.0 = Debug|Any CPU
		{D397A2D6-587A-42B4-BF0B-AA6DA552C25C}.Release|Any CPU.ActiveCfg = Release|Any CPU
		{D397A2D6-587A-42B4-BF0B-AA6DA552C25C}.Release|Any CPU.Build.0 = Release|Any CPU
		{7BCA1612-AD68-43C2-BE6E-ACEDC0A632F0}.Debug|Any CPU.ActiveCfg = Debug|Any CPU
		{7BCA1612-AD68-43C2-BE6E-ACEDC0A632F0}.Debug|Any CPU.Build.0 = Debug|Any CPU
		{7BCA1612-AD68-43C2-BE6E-ACEDC0A632F0}.Release|Any CPU.ActiveCfg = Release|Any CPU
		{7BCA1612-AD68-43C2-BE6E-ACEDC0A632F0}.Release|Any CPU.Build.0 = Release|Any CPU
		{DEFCC052-20D1-4F9C-9865-F59A66389866}.Debug|Any CPU.ActiveCfg = Debug|Any CPU
		{DEFCC052-20D1-4F9C-9865-F59A66389866}.Debug|Any CPU.Build.0 = Debug|Any CPU
		{DEFCC052-20D1-4F9C-9865-F59A66389866}.Release|Any CPU.ActiveCfg = Release|Any CPU
		{DEFCC052-20D1-4F9C-9865-F59A66389866}.Release|Any CPU.Build.0 = Release|Any CPU
	EndGlobalSection
	GlobalSection(SolutionProperties) = preSolution
		HideSolutionNode = FALSE
	EndGlobalSection
	GlobalSection(NestedProjects) = preSolution
		{0FE0F187-007C-48D3-8A17-3CC2EF592BD7} = {6CA61AF2-6B73-4656-A52F-63BA3B4614D5}
		{4583047A-D83E-43E6-BE9C-2A5DBFF2054C} = {5AF347ED-FAF5-401C-91F8-5C021D6A6D56}
		{DCFC8F1B-D166-4DEB-81DB-246CB84CA6BA} = {5AF347ED-FAF5-401C-91F8-5C021D6A6D56}
		{41D8C050-E078-4F2A-A37A-C0C3EAE41721} = {FDFC883A-C4CE-4CBE-ABCE-C17AD5C5C3D7}
		{5782F570-3989-4D71-A059-F23AB031359B} = {FDFC883A-C4CE-4CBE-ABCE-C17AD5C5C3D7}
		{D397A2D6-587A-42B4-BF0B-AA6DA552C25C} = {41D8C050-E078-4F2A-A37A-C0C3EAE41721}
		{7BCA1612-AD68-43C2-BE6E-ACEDC0A632F0} = {5782F570-3989-4D71-A059-F23AB031359B}
		{DEFCC052-20D1-4F9C-9865-F59A66389866} = {8E7EC4F7-DE4E-491A-B884-B4B5FEDCD304}
	EndGlobalSection
	GlobalSection(ExtensibilityGlobals) = postSolution
		SolutionGuid = {7FDAA76D-AD24-4926-A3C6-161585941700}
	EndGlobalSection
EndGlobal
